
Microsoft Visual Studio Solution File, Format Version 12.00
# Visual Studio Version 16
VisualStudioVersion = 16.0.810.12
MinimumVisualStudioVersion = 10.0.40219.1
Project("{FAE04EC0-301F-11D3-BF4B-00C04F79EFBC}") = "bankquizusingswitch", "bankquizusingswitch.csproj", "{2907F2DB-5915-4254-91F8-F39E3A50ACAE}"
EndProject
Global
	GlobalSection(SolutionConfigurationPlatforms) = preSolution
		Debug|Any CPU = Debug|Any CPU
		Release|Any CPU = Release|Any CPU
	EndGlobalSection
	GlobalSection(ProjectConfigurationPlatforms) = postSolution
		{2907F2DB-5915-4254-91F8-F39E3A50ACAE}.Debug|Any CPU.ActiveCfg = Debug|Any CPU
		{2907F2DB-5915-4254-91F8-F39E3A50ACAE}.Debug|Any CPU.Build.0 = Debug|Any CPU
		{2907F2DB-5915-4254-91F8-F39E3A50ACAE}.Release|Any CPU.ActiveCfg = Release|Any CPU
		{2907F2DB-5915-4254-91F8-F39E3A50ACAE}.Release|Any CPU.Build.0 = Release|Any CPU
	EndGlobalSection
	GlobalSection(SolutionProperties) = preSolution
		HideSolutionNode = FALSE
	EndGlobalSection
	GlobalSection(ExtensibilityGlobals) = postSolution
		SolutionGuid = {997128FE-1463-4EAB-880D-A3DBC3B2753A}
	EndGlobalSection
EndGlobal
